// !$*UTF8*$!
{
	archiveVersion = 1;
	classes = {
	};
	objectVersion = 77;
	objects = {

/* Begin PBXBuildFile section */
		38062CFE2DF5A4B0000291E1 /* TimeFormatter.swift in Sources */ = {isa = PBXBuildFile; fileRef = 38062CFC2DF5A4B0000291E1 /* TimeFormatter.swift */; };
		38062CFF2DF5B77C000291E1 /* TimeFormatter.swift in Sources */ = {isa = PBXBuildFile; fileRef = 38062CFC2DF5A4B0000291E1 /* TimeFormatter.swift */; };
		38062D002DF5B77C000291E1 /* TimeFormatter.swift in Sources */ = {isa = PBXBuildFile; fileRef = 38062CFC2DF5A4B0000291E1 /* TimeFormatter.swift */; };
		38062D092DFCB12F000291E1 /* WidgetKit.framework in Frameworks */ = {isa = PBXBuildFile; fileRef = 38062D082DFCB12F000291E1 /* WidgetKit.framework */; };
		38062D0F2E0093A9000291E1 /* WidgetKit.framework in Frameworks */ = {isa = PBXBuildFile; fileRef = 387C02EB2DEF79D10095FC83 /* WidgetKit.framework */; };
		38062D102E0093A9000291E1 /* SwiftUI.framework in Frameworks */ = {isa = PBXBuildFile; fileRef = 387C02ED2DEF79D10095FC83 /* SwiftUI.framework */; };
		38062D212E0093AC000291E1 /* TimeWordsWidgetExtension.appex in Embed Foundation Extensions */ = {isa = PBXBuildFile; fileRef = 38062D0E2E0093A9000291E1 /* TimeWordsWidgetExtension.appex */; settings = {ATTRIBUTES = (RemoveHeadersOnCopy, ); }; };
		38062D282E00982A000291E1 /* TimeFormatter.swift in Sources */ = {isa = PBXBuildFile; fileRef = 38062CFC2DF5A4B0000291E1 /* TimeFormatter.swift */; };
		387C02B02DEF79320095FC83 /* masmenos Watch App.app in Embed Watch Content */ = {isa = PBXBuildFile; fileRef = 387C02AF2DEF79320095FC83 /* masmenos Watch App.app */; settings = {ATTRIBUTES = (RemoveHeadersOnCopy, ); }; };
		387C02EC2DEF79D10095FC83 /* WidgetKit.framework in Frameworks */ = {isa = PBXBuildFile; fileRef = 387C02EB2DEF79D10095FC83 /* WidgetKit.framework */; };
		387C02EE2DEF79D10095FC83 /* SwiftUI.framework in Frameworks */ = {isa = PBXBuildFile; fileRef = 387C02ED2DEF79D10095FC83 /* SwiftUI.framework */; };
		387C02F92DEF79D20095FC83 /* masomenosExtension.appex in Embed Foundation Extensions */ = {isa = PBXBuildFile; fileRef = 387C02E92DEF79D10095FC83 /* masomenosExtension.appex */; settings = {ATTRIBUTES = (RemoveHeadersOnCopy, ); }; };
/* End PBXBuildFile section */

/* Begin PBXContainerItemProxy section */
		38062D1F2E0093AC000291E1 /* PBXContainerItemProxy */ = {
			isa = PBXContainerItemProxy;
			containerPortal = 387C02842DEF792F0095FC83 /* Project object */;
			proxyType = 1;
			remoteGlobalIDString = 38062D0D2E0093A9000291E1;
			remoteInfo = TimeWordsWidgetExtension;
		};
		387C029A2DEF79320095FC83 /* PBXContainerItemProxy */ = {
			isa = PBXContainerItemProxy;
			containerPortal = 387C02842DEF792F0095FC83 /* Project object */;
			proxyType = 1;
			remoteGlobalIDString = 387C028B2DEF79300095FC83;
			remoteInfo = masmenos;
		};
		387C02A42DEF79320095FC83 /* PBXContainerItemProxy */ = {
			isa = PBXContainerItemProxy;
			containerPortal = 387C02842DEF792F0095FC83 /* Project object */;
			proxyType = 1;
			remoteGlobalIDString = 387C028B2DEF79300095FC83;
			remoteInfo = masmenos;
		};
		387C02B12DEF79320095FC83 /* PBXContainerItemProxy */ = {
			isa = PBXContainerItemProxy;
			containerPortal = 387C02842DEF792F0095FC83 /* Project object */;
			proxyType = 1;
			remoteGlobalIDString = 387C02AE2DEF79320095FC83;
			remoteInfo = "masmenos Watch App";
		};
		387C02BF2DEF79340095FC83 /* PBXContainerItemProxy */ = {
			isa = PBXContainerItemProxy;
			containerPortal = 387C02842DEF792F0095FC83 /* Project object */;
			proxyType = 1;
			remoteGlobalIDString = 387C02AE2DEF79320095FC83;
			remoteInfo = "masmenos Watch App";
		};
		387C02C92DEF79340095FC83 /* PBXContainerItemProxy */ = {
			isa = PBXContainerItemProxy;
			containerPortal = 387C02842DEF792F0095FC83 /* Project object */;
			proxyType = 1;
			remoteGlobalIDString = 387C02AE2DEF79320095FC83;
			remoteInfo = "masmenos Watch App";
		};
		387C02F72DEF79D20095FC83 /* PBXContainerItemProxy */ = {
			isa = PBXContainerItemProxy;
			containerPortal = 387C02842DEF792F0095FC83 /* Project object */;
			proxyType = 1;
			remoteGlobalIDString = 387C02E82DEF79D10095FC83;
			remoteInfo = masomenosExtension;
		};
		38C3B37A2E033A7C00D4F12F /* PBXContainerItemProxy */ = {
			isa = PBXContainerItemProxy;
			containerPortal = 387C02842DEF792F0095FC83 /* Project object */;
			proxyType = 1;
			remoteGlobalIDString = 387C02AE2DEF79320095FC83;
			remoteInfo = "masmenos Watch App";
		};
/* End PBXContainerItemProxy section */

/* Begin PBXCopyFilesBuildPhase section */
		38062D262E0093AC000291E1 /* Embed Foundation Extensions */ = {
			isa = PBXCopyFilesBuildPhase;
			buildActionMask = 2147483647;
			dstPath = "";
			dstSubfolderSpec = 13;
			files = (
				38062D212E0093AC000291E1 /* TimeWordsWidgetExtension.appex in Embed Foundation Extensions */,
			);
			name = "Embed Foundation Extensions";
			runOnlyForDeploymentPostprocessing = 0;
		};
		387C02D52DEF79340095FC83 /* Embed Watch Content */ = {
			isa = PBXCopyFilesBuildPhase;
			buildActionMask = 2147483647;
			dstPath = "$(CONTENTS_FOLDER_PATH)/Watch";
			dstSubfolderSpec = 16;
			files = (
				387C02B02DEF79320095FC83 /* masmenos Watch App.app in Embed Watch Content */,
			);
			name = "Embed Watch Content";
			runOnlyForDeploymentPostprocessing = 0;
		};
		387C02FE2DEF79D20095FC83 /* Embed Foundation Extensions */ = {
			isa = PBXCopyFilesBuildPhase;
			buildActionMask = 2147483647;
			dstPath = "";
			dstSubfolderSpec = 13;
			files = (
				387C02F92DEF79D20095FC83 /* masomenosExtension.appex in Embed Foundation Extensions */,
			);
			name = "Embed Foundation Extensions";
			runOnlyForDeploymentPostprocessing = 0;
		};
/* End PBXCopyFilesBuildPhase section */

/* Begin PBXFileReference section */
		38062CFC2DF5A4B0000291E1 /* TimeFormatter.swift */ = {isa = PBXFileReference; lastKnownFileType = sourcecode.swift; path = TimeFormatter.swift; sourceTree = "<group>"; };
		38062D062DFB592D000291E1 /* masomenosExtension.entitlements */ = {isa = PBXFileReference; lastKnownFileType = text.plist.entitlements; path = masomenosExtension.entitlements; sourceTree = "<group>"; };
		38062D082DFCB12F000291E1 /* WidgetKit.framework */ = {isa = PBXFileReference; lastKnownFileType = wrapper.framework; name = WidgetKit.framework; path = Platforms/iPhoneOS.platform/Developer/SDKs/iPhoneOS18.5.sdk/System/Library/Frameworks/WidgetKit.framework; sourceTree = DEVELOPER_DIR; };
		38062D0E2E0093A9000291E1 /* TimeWordsWidgetExtension.appex */ = {isa = PBXFileReference; explicitFileType = "wrapper.app-extension"; includeInIndex = 0; path = TimeWordsWidgetExtension.appex; sourceTree = BUILT_PRODUCTS_DIR; };
		38062D272E009423000291E1 /* TimeWordsWidgetExtension.entitlements */ = {isa = PBXFileReference; lastKnownFileType = text.plist.entitlements; path = TimeWordsWidgetExtension.entitlements; sourceTree = "<group>"; };
		387C028C2DEF79300095FC83 /* masmenos.app */ = {isa = PBXFileReference; explicitFileType = wrapper.application; includeInIndex = 0; path = masmenos.app; sourceTree = BUILT_PRODUCTS_DIR; };
		387C02992DEF79320095FC83 /* masmenosTests.xctest */ = {isa = PBXFileReference; explicitFileType = wrapper.cfbundle; includeInIndex = 0; path = masmenosTests.xctest; sourceTree = BUILT_PRODUCTS_DIR; };
		387C02A32DEF79320095FC83 /* masmenosUITests.xctest */ = {isa = PBXFileReference; explicitFileType = wrapper.cfbundle; includeInIndex = 0; path = masmenosUITests.xctest; sourceTree = BUILT_PRODUCTS_DIR; };
		387C02AF2DEF79320095FC83 /* masmenos Watch App.app */ = {isa = PBXFileReference; explicitFileType = wrapper.application; includeInIndex = 0; path = "masmenos Watch App.app"; sourceTree = BUILT_PRODUCTS_DIR; };
		387C02BE2DEF79340095FC83 /* masmenos Watch AppTests.xctest */ = {isa = PBXFileReference; explicitFileType = wrapper.cfbundle; includeInIndex = 0; path = "masmenos Watch AppTests.xctest"; sourceTree = BUILT_PRODUCTS_DIR; };
		387C02C82DEF79340095FC83 /* masmenos Watch AppUITests.xctest */ = {isa = PBXFileReference; explicitFileType = wrapper.cfbundle; includeInIndex = 0; path = "masmenos Watch AppUITests.xctest"; sourceTree = BUILT_PRODUCTS_DIR; };
		387C02E92DEF79D10095FC83 /* masomenosExtension.appex */ = {isa = PBXFileReference; explicitFileType = "wrapper.app-extension"; includeInIndex = 0; path = masomenosExtension.appex; sourceTree = BUILT_PRODUCTS_DIR; };
		387C02EB2DEF79D10095FC83 /* WidgetKit.framework */ = {isa = PBXFileReference; lastKnownFileType = wrapper.framework; name = WidgetKit.framework; path = System/Library/Frameworks/WidgetKit.framework; sourceTree = SDKROOT; };
		387C02ED2DEF79D10095FC83 /* SwiftUI.framework */ = {isa = PBXFileReference; lastKnownFileType = wrapper.framework; name = SwiftUI.framework; path = System/Library/Frameworks/SwiftUI.framework; sourceTree = SDKROOT; };
/* End PBXFileReference section */

/* Begin PBXFileSystemSynchronizedBuildFileExceptionSet section */
		38062D222E0093AC000291E1 /* Exceptions for "TimeWordsWidget" folder in "TimeWordsWidgetExtension" target */ = {
			isa = PBXFileSystemSynchronizedBuildFileExceptionSet;
			membershipExceptions = (
				Info.plist,
			);
			target = 38062D0D2E0093A9000291E1 /* TimeWordsWidgetExtension */;
		};
		387C02FA2DEF79D20095FC83 /* Exceptions for "masomenos" folder in "masomenosExtension" target */ = {
			isa = PBXFileSystemSynchronizedBuildFileExceptionSet;
			membershipExceptions = (
				Info.plist,
			);
			target = 387C02E82DEF79D10095FC83 /* masomenosExtension */;
		};
/* End PBXFileSystemSynchronizedBuildFileExceptionSet section */

/* Begin PBXFileSystemSynchronizedRootGroup section */
		38062D112E0093A9000291E1 /* TimeWordsWidget */ = {
			isa = PBXFileSystemSynchronizedRootGroup;
			exceptions = (
				38062D222E0093AC000291E1 /* Exceptions for "TimeWordsWidget" folder in "TimeWordsWidgetExtension" target */,
			);
			path = TimeWordsWidget;
			sourceTree = "<group>";
		};
		387C028E2DEF79300095FC83 /* masmenos */ = {
			isa = PBXFileSystemSynchronizedRootGroup;
			path = masmenos;
			sourceTree = "<group>";
		};
		387C029C2DEF79320095FC83 /* masmenosTests */ = {
			isa = PBXFileSystemSynchronizedRootGroup;
			path = masmenosTests;
			sourceTree = "<group>";
		};
		387C02A62DEF79320095FC83 /* masmenosUITests */ = {
			isa = PBXFileSystemSynchronizedRootGroup;
			path = masmenosUITests;
			sourceTree = "<group>";
		};
		387C02B32DEF79320095FC83 /* masmenos Watch App */ = {
			isa = PBXFileSystemSynchronizedRootGroup;
			path = "masmenos Watch App";
			sourceTree = "<group>";
		};
		387C02C12DEF79340095FC83 /* masmenos Watch AppTests */ = {
			isa = PBXFileSystemSynchronizedRootGroup;
			path = "masmenos Watch AppTests";
			sourceTree = "<group>";
		};
		387C02CB2DEF79340095FC83 /* masmenos Watch AppUITests */ = {
			isa = PBXFileSystemSynchronizedRootGroup;
			path = "masmenos Watch AppUITests";
			sourceTree = "<group>";
		};
		387C02EF2DEF79D10095FC83 /* masomenos */ = {
			isa = PBXFileSystemSynchronizedRootGroup;
			exceptions = (
				387C02FA2DEF79D20095FC83 /* Exceptions for "masomenos" folder in "masomenosExtension" target */,
			);
			path = masomenos;
			sourceTree = "<group>";
		};
/* End PBXFileSystemSynchronizedRootGroup section */

/* Begin PBXFrameworksBuildPhase section */
		38062D0B2E0093A9000291E1 /* Frameworks */ = {
			isa = PBXFrameworksBuildPhase;
			buildActionMask = 2147483647;
			files = (
				38062D102E0093A9000291E1 /* SwiftUI.framework in Frameworks */,
				38062D0F2E0093A9000291E1 /* WidgetKit.framework in Frameworks */,
			);
			runOnlyForDeploymentPostprocessing = 0;
		};
		387C02892DEF79300095FC83 /* Frameworks */ = {
			isa = PBXFrameworksBuildPhase;
			buildActionMask = 2147483647;
			files = (
				38062D092DFCB12F000291E1 /* WidgetKit.framework in Frameworks */,
			);
			runOnlyForDeploymentPostprocessing = 0;
		};
		387C02962DEF79320095FC83 /* Frameworks */ = {
			isa = PBXFrameworksBuildPhase;
			buildActionMask = 2147483647;
			files = (
			);
			runOnlyForDeploymentPostprocessing = 0;
		};
		387C02A02DEF79320095FC83 /* Frameworks */ = {
			isa = PBXFrameworksBuildPhase;
			buildActionMask = 2147483647;
			files = (
			);
			runOnlyForDeploymentPostprocessing = 0;
		};
		387C02AC2DEF79320095FC83 /* Frameworks */ = {
			isa = PBXFrameworksBuildPhase;
			buildActionMask = 2147483647;
			files = (
			);
			runOnlyForDeploymentPostprocessing = 0;
		};
		387C02BB2DEF79340095FC83 /* Frameworks */ = {
			isa = PBXFrameworksBuildPhase;
			buildActionMask = 2147483647;
			files = (
			);
			runOnlyForDeploymentPostprocessing = 0;
		};
		387C02C52DEF79340095FC83 /* Frameworks */ = {
			isa = PBXFrameworksBuildPhase;
			buildActionMask = 2147483647;
			files = (
			);
			runOnlyForDeploymentPostprocessing = 0;
		};
		387C02E62DEF79D10095FC83 /* Frameworks */ = {
			isa = PBXFrameworksBuildPhase;
			buildActionMask = 2147483647;
			files = (
				387C02EE2DEF79D10095FC83 /* SwiftUI.framework in Frameworks */,
				387C02EC2DEF79D10095FC83 /* WidgetKit.framework in Frameworks */,
			);
			runOnlyForDeploymentPostprocessing = 0;
		};
/* End PBXFrameworksBuildPhase section */

/* Begin PBXGroup section */
		38062CFD2DF5A4B0000291E1 /* Shared */ = {
			isa = PBXGroup;
			children = (
				38062CFC2DF5A4B0000291E1 /* TimeFormatter.swift */,
			);
			path = Shared;
			sourceTree = "<group>";
		};
		387C02832DEF792F0095FC83 = {
			isa = PBXGroup;
			children = (
				38062D272E009423000291E1 /* TimeWordsWidgetExtension.entitlements */,
				38062D062DFB592D000291E1 /* masomenosExtension.entitlements */,
				38062CFD2DF5A4B0000291E1 /* Shared */,
				387C028E2DEF79300095FC83 /* masmenos */,
				387C029C2DEF79320095FC83 /* masmenosTests */,
				387C02A62DEF79320095FC83 /* masmenosUITests */,
				387C02B32DEF79320095FC83 /* masmenos Watch App */,
				387C02C12DEF79340095FC83 /* masmenos Watch AppTests */,
				387C02CB2DEF79340095FC83 /* masmenos Watch AppUITests */,
				387C02EF2DEF79D10095FC83 /* masomenos */,
				38062D112E0093A9000291E1 /* TimeWordsWidget */,
				387C02EA2DEF79D10095FC83 /* Frameworks */,
				387C028D2DEF79300095FC83 /* Products */,
			);
			sourceTree = "<group>";
		};
		387C028D2DEF79300095FC83 /* Products */ = {
			isa = PBXGroup;
			children = (
				387C028C2DEF79300095FC83 /* masmenos.app */,
				387C02992DEF79320095FC83 /* masmenosTests.xctest */,
				387C02A32DEF79320095FC83 /* masmenosUITests.xctest */,
				387C02AF2DEF79320095FC83 /* masmenos Watch App.app */,
				387C02BE2DEF79340095FC83 /* masmenos Watch AppTests.xctest */,
				387C02C82DEF79340095FC83 /* masmenos Watch AppUITests.xctest */,
				387C02E92DEF79D10095FC83 /* masomenosExtension.appex */,
				38062D0E2E0093A9000291E1 /* TimeWordsWidgetExtension.appex */,
			);
			name = Products;
			sourceTree = "<group>";
		};
		387C02EA2DEF79D10095FC83 /* Frameworks */ = {
			isa = PBXGroup;
			children = (
				387C02EB2DEF79D10095FC83 /* WidgetKit.framework */,
				38062D082DFCB12F000291E1 /* WidgetKit.framework */,
				387C02ED2DEF79D10095FC83 /* SwiftUI.framework */,
			);
			name = Frameworks;
			sourceTree = "<group>";
		};
/* End PBXGroup section */

/* Begin PBXNativeTarget section */
		38062D0D2E0093A9000291E1 /* TimeWordsWidgetExtension */ = {
			isa = PBXNativeTarget;
			buildConfigurationList = 38062D232E0093AC000291E1 /* Build configuration list for PBXNativeTarget "TimeWordsWidgetExtension" */;
			buildPhases = (
				38062D0A2E0093A9000291E1 /* Sources */,
				38062D0B2E0093A9000291E1 /* Frameworks */,
				38062D0C2E0093A9000291E1 /* Resources */,
			);
			buildRules = (
			);
			dependencies = (
			);
			fileSystemSynchronizedGroups = (
				38062D112E0093A9000291E1 /* TimeWordsWidget */,
			);
			name = TimeWordsWidgetExtension;
			packageProductDependencies = (
			);
			productName = TimeWordsWidgetExtension;
			productReference = 38062D0E2E0093A9000291E1 /* TimeWordsWidgetExtension.appex */;
			productType = "com.apple.product-type.app-extension";
		};
		387C028B2DEF79300095FC83 /* masmenos */ = {
			isa = PBXNativeTarget;
			buildConfigurationList = 387C02D62DEF79340095FC83 /* Build configuration list for PBXNativeTarget "masmenos" */;
			buildPhases = (
				387C02882DEF79300095FC83 /* Sources */,
				387C02892DEF79300095FC83 /* Frameworks */,
				387C028A2DEF79300095FC83 /* Resources */,
				387C02D52DEF79340095FC83 /* Embed Watch Content */,
				38062D262E0093AC000291E1 /* Embed Foundation Extensions */,
			);
			buildRules = (
			);
			dependencies = (
				387C02B22DEF79320095FC83 /* PBXTargetDependency */,
				38062D202E0093AC000291E1 /* PBXTargetDependency */,
				38C3B37B2E033A7C00D4F12F /* PBXTargetDependency */,
			);
			fileSystemSynchronizedGroups = (
				387C028E2DEF79300095FC83 /* masmenos */,
			);
			name = masmenos;
			packageProductDependencies = (
			);
			productName = masmenos;
			productReference = 387C028C2DEF79300095FC83 /* masmenos.app */;
			productType = "com.apple.product-type.application";
		};
		387C02982DEF79320095FC83 /* masmenosTests */ = {
			isa = PBXNativeTarget;
			buildConfigurationList = 387C02D92DEF79340095FC83 /* Build configuration list for PBXNativeTarget "masmenosTests" */;
			buildPhases = (
				387C02952DEF79320095FC83 /* Sources */,
				387C02962DEF79320095FC83 /* Frameworks */,
				387C02972DEF79320095FC83 /* Resources */,
			);
			buildRules = (
			);
			dependencies = (
				387C029B2DEF79320095FC83 /* PBXTargetDependency */,
			);
			fileSystemSynchronizedGroups = (
				387C029C2DEF79320095FC83 /* masmenosTests */,
			);
			name = masmenosTests;
			packageProductDependencies = (
			);
			productName = masmenosTests;
			productReference = 387C02992DEF79320095FC83 /* masmenosTests.xctest */;
			productType = "com.apple.product-type.bundle.unit-test";
		};
		387C02A22DEF79320095FC83 /* masmenosUITests */ = {
			isa = PBXNativeTarget;
			buildConfigurationList = 387C02DC2DEF79340095FC83 /* Build configuration list for PBXNativeTarget "masmenosUITests" */;
			buildPhases = (
				387C029F2DEF79320095FC83 /* Sources */,
				387C02A02DEF79320095FC83 /* Frameworks */,
				387C02A12DEF79320095FC83 /* Resources */,
			);
			buildRules = (
			);
			dependencies = (
				387C02A52DEF79320095FC83 /* PBXTargetDependency */,
			);
			fileSystemSynchronizedGroups = (
				387C02A62DEF79320095FC83 /* masmenosUITests */,
			);
			name = masmenosUITests;
			packageProductDependencies = (
			);
			productName = masmenosUITests;
			productReference = 387C02A32DEF79320095FC83 /* masmenosUITests.xctest */;
			productType = "com.apple.product-type.bundle.ui-testing";
		};
		387C02AE2DEF79320095FC83 /* masmenos Watch App */ = {
			isa = PBXNativeTarget;
			buildConfigurationList = 387C02D22DEF79340095FC83 /* Build configuration list for PBXNativeTarget "masmenos Watch App" */;
			buildPhases = (
				387C02AB2DEF79320095FC83 /* Sources */,
				387C02AC2DEF79320095FC83 /* Frameworks */,
				387C02AD2DEF79320095FC83 /* Resources */,
				387C02FE2DEF79D20095FC83 /* Embed Foundation Extensions */,
			);
			buildRules = (
			);
			dependencies = (
				387C02F82DEF79D20095FC83 /* PBXTargetDependency */,
			);
			fileSystemSynchronizedGroups = (
				387C02B32DEF79320095FC83 /* masmenos Watch App */,
			);
			name = "masmenos Watch App";
			packageProductDependencies = (
			);
			productName = "masmenos Watch App";
			productReference = 387C02AF2DEF79320095FC83 /* masmenos Watch App.app */;
			productType = "com.apple.product-type.application";
		};
		387C02BD2DEF79340095FC83 /* masmenos Watch AppTests */ = {
			isa = PBXNativeTarget;
			buildConfigurationList = 387C02DF2DEF79340095FC83 /* Build configuration list for PBXNativeTarget "masmenos Watch AppTests" */;
			buildPhases = (
				387C02BA2DEF79340095FC83 /* Sources */,
				387C02BB2DEF79340095FC83 /* Frameworks */,
				387C02BC2DEF79340095FC83 /* Resources */,
			);
			buildRules = (
			);
			dependencies = (
				387C02C02DEF79340095FC83 /* PBXTargetDependency */,
			);
			fileSystemSynchronizedGroups = (
				387C02C12DEF79340095FC83 /* masmenos Watch AppTests */,
			);
			name = "masmenos Watch AppTests";
			packageProductDependencies = (
			);
			productName = "masmenos Watch AppTests";
			productReference = 387C02BE2DEF79340095FC83 /* masmenos Watch AppTests.xctest */;
			productType = "com.apple.product-type.bundle.unit-test";
		};
		387C02C72DEF79340095FC83 /* masmenos Watch AppUITests */ = {
			isa = PBXNativeTarget;
			buildConfigurationList = 387C02E22DEF79340095FC83 /* Build configuration list for PBXNativeTarget "masmenos Watch AppUITests" */;
			buildPhases = (
				387C02C42DEF79340095FC83 /* Sources */,
				387C02C52DEF79340095FC83 /* Frameworks */,
				387C02C62DEF79340095FC83 /* Resources */,
			);
			buildRules = (
			);
			dependencies = (
				387C02CA2DEF79340095FC83 /* PBXTargetDependency */,
			);
			fileSystemSynchronizedGroups = (
				387C02CB2DEF79340095FC83 /* masmenos Watch AppUITests */,
			);
			name = "masmenos Watch AppUITests";
			packageProductDependencies = (
			);
			productName = "masmenos Watch AppUITests";
			productReference = 387C02C82DEF79340095FC83 /* masmenos Watch AppUITests.xctest */;
			productType = "com.apple.product-type.bundle.ui-testing";
		};
		387C02E82DEF79D10095FC83 /* masomenosExtension */ = {
			isa = PBXNativeTarget;
			buildConfigurationList = 387C02FB2DEF79D20095FC83 /* Build configuration list for PBXNativeTarget "masomenosExtension" */;
			buildPhases = (
				387C02E52DEF79D10095FC83 /* Sources */,
				387C02E62DEF79D10095FC83 /* Frameworks */,
				387C02E72DEF79D10095FC83 /* Resources */,
			);
			buildRules = (
			);
			dependencies = (
			);
			fileSystemSynchronizedGroups = (
				387C02EF2DEF79D10095FC83 /* masomenos */,
			);
			name = masomenosExtension;
			packageProductDependencies = (
			);
			productName = masomenosExtension;
			productReference = 387C02E92DEF79D10095FC83 /* masomenosExtension.appex */;
			productType = "com.apple.product-type.app-extension";
		};
/* End PBXNativeTarget section */

/* Begin PBXProject section */
		387C02842DEF792F0095FC83 /* Project object */ = {
			isa = PBXProject;
			attributes = {
				BuildIndependentTargetsInParallel = 1;
				LastSwiftUpdateCheck = 1640;
				LastUpgradeCheck = 1640;
				TargetAttributes = {
					38062D0D2E0093A9000291E1 = {
						CreatedOnToolsVersion = 16.4;
					};
					387C028B2DEF79300095FC83 = {
						CreatedOnToolsVersion = 16.4;
					};
					387C02982DEF79320095FC83 = {
						CreatedOnToolsVersion = 16.4;
						TestTargetID = 387C028B2DEF79300095FC83;
					};
					387C02A22DEF79320095FC83 = {
						CreatedOnToolsVersion = 16.4;
						TestTargetID = 387C028B2DEF79300095FC83;
					};
					387C02AE2DEF79320095FC83 = {
						CreatedOnToolsVersion = 16.4;
					};
					387C02BD2DEF79340095FC83 = {
						CreatedOnToolsVersion = 16.4;
						TestTargetID = 387C02AE2DEF79320095FC83;
					};
					387C02C72DEF79340095FC83 = {
						CreatedOnToolsVersion = 16.4;
						TestTargetID = 387C02AE2DEF79320095FC83;
					};
					387C02E82DEF79D10095FC83 = {
						CreatedOnToolsVersion = 16.4;
					};
				};
			};
			buildConfigurationList = 387C02872DEF792F0095FC83 /* Build configuration list for PBXProject "masmenos" */;
			developmentRegion = en;
			hasScannedForEncodings = 0;
			knownRegions = (
				en,
				es,
				ja,
				ca,
				Base,
			);
			mainGroup = 387C02832DEF792F0095FC83;
			minimizedProjectReferenceProxies = 1;
			preferredProjectObjectVersion = 77;
			productRefGroup = 387C028D2DEF79300095FC83 /* Products */;
			projectDirPath = "";
			projectRoot = "";
			targets = (
				387C028B2DEF79300095FC83 /* masmenos */,
				387C02982DEF79320095FC83 /* masmenosTests */,
				387C02A22DEF79320095FC83 /* masmenosUITests */,
				387C02AE2DEF79320095FC83 /* masmenos Watch App */,
				387C02BD2DEF79340095FC83 /* masmenos Watch AppTests */,
				387C02C72DEF79340095FC83 /* masmenos Watch AppUITests */,
				387C02E82DEF79D10095FC83 /* masomenosExtension */,
				38062D0D2E0093A9000291E1 /* TimeWordsWidgetExtension */,
			);
		};
/* End PBXProject section */

/* Begin PBXResourcesBuildPhase section */
		38062D0C2E0093A9000291E1 /* Resources */ = {
			isa = PBXResourcesBuildPhase;
			buildActionMask = 2147483647;
			files = (
			);
			runOnlyForDeploymentPostprocessing = 0;
		};
		387C028A2DEF79300095FC83 /* Resources */ = {
			isa = PBXResourcesBuildPhase;
			buildActionMask = 2147483647;
			files = (
			);
			runOnlyForDeploymentPostprocessing = 0;
		};
		387C02972DEF79320095FC83 /* Resources */ = {
			isa = PBXResourcesBuildPhase;
			buildActionMask = 2147483647;
			files = (
			);
			runOnlyForDeploymentPostprocessing = 0;
		};
		387C02A12DEF79320095FC83 /* Resources */ = {
			isa = PBXResourcesBuildPhase;
			buildActionMask = 2147483647;
			files = (
			);
			runOnlyForDeploymentPostprocessing = 0;
		};
		387C02AD2DEF79320095FC83 /* Resources */ = {
			isa = PBXResourcesBuildPhase;
			buildActionMask = 2147483647;
			files = (
			);
			runOnlyForDeploymentPostprocessing = 0;
		};
		387C02BC2DEF79340095FC83 /* Resources */ = {
			isa = PBXResourcesBuildPhase;
			buildActionMask = 2147483647;
			files = (
			);
			runOnlyForDeploymentPostprocessing = 0;
		};
		387C02C62DEF79340095FC83 /* Resources */ = {
			isa = PBXResourcesBuildPhase;
			buildActionMask = 2147483647;
			files = (
			);
			runOnlyForDeploymentPostprocessing = 0;
		};
		387C02E72DEF79D10095FC83 /* Resources */ = {
			isa = PBXResourcesBuildPhase;
			buildActionMask = 2147483647;
			files = (
			);
			runOnlyForDeploymentPostprocessing = 0;
		};
/* End PBXResourcesBuildPhase section */

/* Begin PBXSourcesBuildPhase section */
		38062D0A2E0093A9000291E1 /* Sources */ = {
			isa = PBXSourcesBuildPhase;
			buildActionMask = 2147483647;
			files = (
				38062D282E00982A000291E1 /* TimeFormatter.swift in Sources */,
			);
			runOnlyForDeploymentPostprocessing = 0;
		};
		387C02882DEF79300095FC83 /* Sources */ = {
			isa = PBXSourcesBuildPhase;
			buildActionMask = 2147483647;
			files = (
				38062CFE2DF5A4B0000291E1 /* TimeFormatter.swift in Sources */,
			);
			runOnlyForDeploymentPostprocessing = 0;
		};
		387C02952DEF79320095FC83 /* Sources */ = {
			isa = PBXSourcesBuildPhase;
			buildActionMask = 2147483647;
			files = (
			);
			runOnlyForDeploymentPostprocessing = 0;
		};
		387C029F2DEF79320095FC83 /* Sources */ = {
			isa = PBXSourcesBuildPhase;
			buildActionMask = 2147483647;
			files = (
			);
			runOnlyForDeploymentPostprocessing = 0;
		};
		387C02AB2DEF79320095FC83 /* Sources */ = {
			isa = PBXSourcesBuildPhase;
			buildActionMask = 2147483647;
			files = (
				38062CFF2DF5B77C000291E1 /* TimeFormatter.swift in Sources */,
			);
			runOnlyForDeploymentPostprocessing = 0;
		};
		387C02BA2DEF79340095FC83 /* Sources */ = {
			isa = PBXSourcesBuildPhase;
			buildActionMask = 2147483647;
			files = (
			);
			runOnlyForDeploymentPostprocessing = 0;
		};
		387C02C42DEF79340095FC83 /* Sources */ = {
			isa = PBXSourcesBuildPhase;
			buildActionMask = 2147483647;
			files = (
			);
			runOnlyForDeploymentPostprocessing = 0;
		};
		387C02E52DEF79D10095FC83 /* Sources */ = {
			isa = PBXSourcesBuildPhase;
			buildActionMask = 2147483647;
			files = (
				38062D002DF5B77C000291E1 /* TimeFormatter.swift in Sources */,
			);
			runOnlyForDeploymentPostprocessing = 0;
		};
/* End PBXSourcesBuildPhase section */

/* Begin PBXTargetDependency section */
		38062D202E0093AC000291E1 /* PBXTargetDependency */ = {
			isa = PBXTargetDependency;
			target = 38062D0D2E0093A9000291E1 /* TimeWordsWidgetExtension */;
			targetProxy = 38062D1F2E0093AC000291E1 /* PBXContainerItemProxy */;
		};
		387C029B2DEF79320095FC83 /* PBXTargetDependency */ = {
			isa = PBXTargetDependency;
			target = 387C028B2DEF79300095FC83 /* masmenos */;
			targetProxy = 387C029A2DEF79320095FC83 /* PBXContainerItemProxy */;
		};
		387C02A52DEF79320095FC83 /* PBXTargetDependency */ = {
			isa = PBXTargetDependency;
			target = 387C028B2DEF79300095FC83 /* masmenos */;
			targetProxy = 387C02A42DEF79320095FC83 /* PBXContainerItemProxy */;
		};
		387C02B22DEF79320095FC83 /* PBXTargetDependency */ = {
			isa = PBXTargetDependency;
			target = 387C02AE2DEF79320095FC83 /* masmenos Watch App */;
			targetProxy = 387C02B12DEF79320095FC83 /* PBXContainerItemProxy */;
		};
		387C02C02DEF79340095FC83 /* PBXTargetDependency */ = {
			isa = PBXTargetDependency;
			target = 387C02AE2DEF79320095FC83 /* masmenos Watch App */;
			targetProxy = 387C02BF2DEF79340095FC83 /* PBXContainerItemProxy */;
		};
		387C02CA2DEF79340095FC83 /* PBXTargetDependency */ = {
			isa = PBXTargetDependency;
			target = 387C02AE2DEF79320095FC83 /* masmenos Watch App */;
			targetProxy = 387C02C92DEF79340095FC83 /* PBXContainerItemProxy */;
		};
		387C02F82DEF79D20095FC83 /* PBXTargetDependency */ = {
			isa = PBXTargetDependency;
			target = 387C02E82DEF79D10095FC83 /* masomenosExtension */;
			targetProxy = 387C02F72DEF79D20095FC83 /* PBXContainerItemProxy */;
		};
		38C3B37B2E033A7C00D4F12F /* PBXTargetDependency */ = {
			isa = PBXTargetDependency;
			target = 387C02AE2DEF79320095FC83 /* masmenos Watch App */;
			targetProxy = 38C3B37A2E033A7C00D4F12F /* PBXContainerItemProxy */;
		};
/* End PBXTargetDependency section */

/* Begin XCBuildConfiguration section */
		38062D242E0093AC000291E1 /* Debug */ = {
			isa = XCBuildConfiguration;
			buildSettings = {
				ASSETCATALOG_COMPILER_GLOBAL_ACCENT_COLOR_NAME = AccentColor;
				ASSETCATALOG_COMPILER_WIDGET_BACKGROUND_COLOR_NAME = WidgetBackground;
				CODE_SIGN_ENTITLEMENTS = TimeWordsWidgetExtension.entitlements;
				CODE_SIGN_STYLE = Automatic;
				CURRENT_PROJECT_VERSION = 1;
				DEVELOPMENT_TEAM = 6ZB294KJL3;
				GENERATE_INFOPLIST_FILE = YES;
				INFOPLIST_FILE = TimeWordsWidget/Info.plist;
				INFOPLIST_KEY_CFBundleDisplayName = TimeWordsWidget;
				INFOPLIST_KEY_NSHumanReadableCopyright = "";
				IPHONEOS_DEPLOYMENT_TARGET = 18.0;
				LD_RUNPATH_SEARCH_PATHS = (
					"$(inherited)",
					"@executable_path/Frameworks",
					"@executable_path/../../Frameworks",
				);
				MARKETING_VERSION = 1.0;
				PRODUCT_BUNDLE_IDENTIFIER = es.rikgarage.masmenos.TimeWordsWidget;
				PRODUCT_NAME = "$(TARGET_NAME)";
				SDKROOT = iphoneos;
				SKIP_INSTALL = YES;
				SWIFT_EMIT_LOC_STRINGS = YES;
				SWIFT_VERSION = 5.0;
				TARGETED_DEVICE_FAMILY = "1,2";
				WATCHOS_DEPLOYMENT_TARGET = 10.6;
			};
			name = Debug;
		};
		38062D252E0093AC000291E1 /* Release */ = {
			isa = XCBuildConfiguration;
			buildSettings = {
				ASSETCATALOG_COMPILER_GLOBAL_ACCENT_COLOR_NAME = AccentColor;
				ASSETCATALOG_COMPILER_WIDGET_BACKGROUND_COLOR_NAME = WidgetBackground;
				CODE_SIGN_ENTITLEMENTS = TimeWordsWidgetExtension.entitlements;
				CODE_SIGN_STYLE = Automatic;
				CURRENT_PROJECT_VERSION = 1;
				DEVELOPMENT_TEAM = 6ZB294KJL3;
				GENERATE_INFOPLIST_FILE = YES;
				INFOPLIST_FILE = TimeWordsWidget/Info.plist;
				INFOPLIST_KEY_CFBundleDisplayName = TimeWordsWidget;
				INFOPLIST_KEY_NSHumanReadableCopyright = "";
				IPHONEOS_DEPLOYMENT_TARGET = 18.0;
				LD_RUNPATH_SEARCH_PATHS = (
					"$(inherited)",
					"@executable_path/Frameworks",
					"@executable_path/../../Frameworks",
				);
				MARKETING_VERSION = 1.0;
				PRODUCT_BUNDLE_IDENTIFIER = es.rikgarage.masmenos.TimeWordsWidget;
				PRODUCT_NAME = "$(TARGET_NAME)";
				SDKROOT = iphoneos;
				SKIP_INSTALL = YES;
				SWIFT_EMIT_LOC_STRINGS = YES;
				SWIFT_VERSION = 5.0;
				TARGETED_DEVICE_FAMILY = "1,2";
				VALIDATE_PRODUCT = YES;
				WATCHOS_DEPLOYMENT_TARGET = 10.6;
			};
			name = Release;
		};
		387C02D02DEF79340095FC83 /* Debug */ = {
			isa = XCBuildConfiguration;
			buildSettings = {
				ALWAYS_SEARCH_USER_PATHS = NO;
				ASSETCATALOG_COMPILER_GENERATE_SWIFT_ASSET_SYMBOL_EXTENSIONS = YES;
				CLANG_ANALYZER_NONNULL = YES;
				CLANG_ANALYZER_NUMBER_OBJECT_CONVERSION = YES_AGGRESSIVE;
				CLANG_CXX_LANGUAGE_STANDARD = "gnu++20";
				CLANG_ENABLE_MODULES = YES;
				CLANG_ENABLE_OBJC_ARC = YES;
				CLANG_ENABLE_OBJC_WEAK = YES;
				CLANG_WARN_BLOCK_CAPTURE_AUTORELEASING = YES;
				CLANG_WARN_BOOL_CONVERSION = YES;
				CLANG_WARN_COMMA = YES;
				CLANG_WARN_CONSTANT_CONVERSION = YES;
				CLANG_WARN_DEPRECATED_OBJC_IMPLEMENTATIONS = YES;
				CLANG_WARN_DIRECT_OBJC_ISA_USAGE = YES_ERROR;
				CLANG_WARN_DOCUMENTATION_COMMENTS = YES;
				CLANG_WARN_EMPTY_BODY = YES;
				CLANG_WARN_ENUM_CONVERSION = YES;
				CLANG_WARN_INFINITE_RECURSION = YES;
				CLANG_WARN_INT_CONVERSION = YES;
				CLANG_WARN_NON_LITERAL_NULL_CONVERSION = YES;
				CLANG_WARN_OBJC_IMPLICIT_RETAIN_SELF = YES;
				CLANG_WARN_OBJC_LITERAL_CONVERSION = YES;
				CLANG_WARN_OBJC_ROOT_CLASS = YES_ERROR;
				CLANG_WARN_QUOTED_INCLUDE_IN_FRAMEWORK_HEADER = YES;
				CLANG_WARN_RANGE_LOOP_ANALYSIS = YES;
				CLANG_WARN_STRICT_PROTOTYPES = YES;
				CLANG_WARN_SUSPICIOUS_MOVE = YES;
				CLANG_WARN_UNGUARDED_AVAILABILITY = YES_AGGRESSIVE;
				CLANG_WARN_UNREACHABLE_CODE = YES;
				CLANG_WARN__DUPLICATE_METHOD_MATCH = YES;
				COPY_PHASE_STRIP = NO;
				DEBUG_INFORMATION_FORMAT = dwarf;
				DEVELOPMENT_TEAM = 6ZB294KJL3;
				ENABLE_STRICT_OBJC_MSGSEND = YES;
				ENABLE_TESTABILITY = YES;
				ENABLE_USER_SCRIPT_SANDBOXING = YES;
				GCC_C_LANGUAGE_STANDARD = gnu17;
				GCC_DYNAMIC_NO_PIC = NO;
				GCC_NO_COMMON_BLOCKS = YES;
				GCC_OPTIMIZATION_LEVEL = 0;
				GCC_PREPROCESSOR_DEFINITIONS = (
					"DEBUG=1",
					"$(inherited)",
				);
				GCC_WARN_64_TO_32_BIT_CONVERSION = YES;
				GCC_WARN_ABOUT_RETURN_TYPE = YES_ERROR;
				GCC_WARN_UNDECLARED_SELECTOR = YES;
				GCC_WARN_UNINITIALIZED_AUTOS = YES_AGGRESSIVE;
				GCC_WARN_UNUSED_FUNCTION = YES;
				GCC_WARN_UNUSED_VARIABLE = YES;
				LOCALIZATION_PREFERS_STRING_CATALOGS = YES;
				MTL_ENABLE_DEBUG_INFO = INCLUDE_SOURCE;
				MTL_FAST_MATH = YES;
				ONLY_ACTIVE_ARCH = YES;
				SWIFT_ACTIVE_COMPILATION_CONDITIONS = "DEBUG $(inherited)";
				SWIFT_EMIT_LOC_STRINGS = YES;
				SWIFT_OPTIMIZATION_LEVEL = "-Onone";
			};
			name = Debug;
		};
		387C02D12DEF79340095FC83 /* Release */ = {
			isa = XCBuildConfiguration;
			buildSettings = {
				ALWAYS_SEARCH_USER_PATHS = NO;
				ASSETCATALOG_COMPILER_GENERATE_SWIFT_ASSET_SYMBOL_EXTENSIONS = YES;
				CLANG_ANALYZER_NONNULL = YES;
				CLANG_ANALYZER_NUMBER_OBJECT_CONVERSION = YES_AGGRESSIVE;
				CLANG_CXX_LANGUAGE_STANDARD = "gnu++20";
				CLANG_ENABLE_MODULES = YES;
				CLANG_ENABLE_OBJC_ARC = YES;
				CLANG_ENABLE_OBJC_WEAK = YES;
				CLANG_WARN_BLOCK_CAPTURE_AUTORELEASING = YES;
				CLANG_WARN_BOOL_CONVERSION = YES;
				CLANG_WARN_COMMA = YES;
				CLANG_WARN_CONSTANT_CONVERSION = YES;
				CLANG_WARN_DEPRECATED_OBJC_IMPLEMENTATIONS = YES;
				CLANG_WARN_DIRECT_OBJC_ISA_USAGE = YES_ERROR;
				CLANG_WARN_DOCUMENTATION_COMMENTS = YES;
				CLANG_WARN_EMPTY_BODY = YES;
				CLANG_WARN_ENUM_CONVERSION = YES;
				CLANG_WARN_INFINITE_RECURSION = YES;
				CLANG_WARN_INT_CONVERSION = YES;
				CLANG_WARN_NON_LITERAL_NULL_CONVERSION = YES;
				CLANG_WARN_OBJC_IMPLICIT_RETAIN_SELF = YES;
				CLANG_WARN_OBJC_LITERAL_CONVERSION = YES;
				CLANG_WARN_OBJC_ROOT_CLASS = YES_ERROR;
				CLANG_WARN_QUOTED_INCLUDE_IN_FRAMEWORK_HEADER = YES;
				CLANG_WARN_RANGE_LOOP_ANALYSIS = YES;
				CLANG_WARN_STRICT_PROTOTYPES = YES;
				CLANG_WARN_SUSPICIOUS_MOVE = YES;
				CLANG_WARN_UNGUARDED_AVAILABILITY = YES_AGGRESSIVE;
				CLANG_WARN_UNREACHABLE_CODE = YES;
				CLANG_WARN__DUPLICATE_METHOD_MATCH = YES;
				COPY_PHASE_STRIP = NO;
				DEBUG_INFORMATION_FORMAT = "dwarf-with-dsym";
				DEVELOPMENT_TEAM = 6ZB294KJL3;
				ENABLE_NS_ASSERTIONS = NO;
				ENABLE_STRICT_OBJC_MSGSEND = YES;
				ENABLE_USER_SCRIPT_SANDBOXING = YES;
				GCC_C_LANGUAGE_STANDARD = gnu17;
				GCC_NO_COMMON_BLOCKS = YES;
				GCC_WARN_64_TO_32_BIT_CONVERSION = YES;
				GCC_WARN_ABOUT_RETURN_TYPE = YES_ERROR;
				GCC_WARN_UNDECLARED_SELECTOR = YES;
				GCC_WARN_UNINITIALIZED_AUTOS = YES_AGGRESSIVE;
				GCC_WARN_UNUSED_FUNCTION = YES;
				GCC_WARN_UNUSED_VARIABLE = YES;
				LOCALIZATION_PREFERS_STRING_CATALOGS = YES;
				MTL_ENABLE_DEBUG_INFO = NO;
				MTL_FAST_MATH = YES;
				SWIFT_COMPILATION_MODE = wholemodule;
				SWIFT_EMIT_LOC_STRINGS = YES;
			};
			name = Release;
		};
		387C02D32DEF79340095FC83 /* Debug */ = {
			isa = XCBuildConfiguration;
			buildSettings = {
				ASSETCATALOG_COMPILER_APPICON_NAME = AppIcon;
				ASSETCATALOG_COMPILER_GLOBAL_ACCENT_COLOR_NAME = AccentColor;
				CODE_SIGN_ENTITLEMENTS = "masmenos Watch App/masmenos Watch App.entitlements";
				CODE_SIGN_STYLE = Automatic;
				CURRENT_PROJECT_VERSION = 1;
				DEVELOPMENT_TEAM = 6ZB294KJL3;
				ENABLE_PREVIEWS = YES;
				GENERATE_INFOPLIST_FILE = YES;
				INFOPLIST_KEY_CFBundleDisplayName = "Time Words";
				INFOPLIST_KEY_UISupportedInterfaceOrientations = "UIInterfaceOrientationPortrait UIInterfaceOrientationPortraitUpsideDown";
				INFOPLIST_KEY_WKCompanionAppBundleIdentifier = es.rikgarage.masmenos;
				IPHONEOS_DEPLOYMENT_TARGET = 18.0;
				LD_RUNPATH_SEARCH_PATHS = (
					"$(inherited)",
					"@executable_path/Frameworks",
				);
				MARKETING_VERSION = 1.0;
				PRODUCT_BUNDLE_IDENTIFIER = es.rikgarage.masmenos.watchkitapp;
				PRODUCT_NAME = "$(TARGET_NAME)";
				SDKROOT = watchos;
				SKIP_INSTALL = YES;
				SWIFT_EMIT_LOC_STRINGS = YES;
				SWIFT_VERSION = 5.0;
				TARGETED_DEVICE_FAMILY = 4;
				WATCHOS_DEPLOYMENT_TARGET = 10.6;
			};
			name = Debug;
		};
		387C02D42DEF79340095FC83 /* Release */ = {
			isa = XCBuildConfiguration;
			buildSettings = {
				ASSETCATALOG_COMPILER_APPICON_NAME = AppIcon;
				ASSETCATALOG_COMPILER_GLOBAL_ACCENT_COLOR_NAME = AccentColor;
				CODE_SIGN_ENTITLEMENTS = "masmenos Watch App/masmenos Watch App.entitlements";
				CODE_SIGN_STYLE = Automatic;
				CURRENT_PROJECT_VERSION = 1;
				DEVELOPMENT_TEAM = 6ZB294KJL3;
				ENABLE_PREVIEWS = YES;
				GENERATE_INFOPLIST_FILE = YES;
				INFOPLIST_KEY_CFBundleDisplayName = "Time Words";
				INFOPLIST_KEY_UISupportedInterfaceOrientations = "UIInterfaceOrientationPortrait UIInterfaceOrientationPortraitUpsideDown";
				INFOPLIST_KEY_WKCompanionAppBundleIdentifier = es.rikgarage.masmenos;
				IPHONEOS_DEPLOYMENT_TARGET = 18.0;
				LD_RUNPATH_SEARCH_PATHS = (
					"$(inherited)",
					"@executable_path/Frameworks",
				);
				MARKETING_VERSION = 1.0;
				PRODUCT_BUNDLE_IDENTIFIER = es.rikgarage.masmenos.watchkitapp;
				PRODUCT_NAME = "$(TARGET_NAME)";
				SDKROOT = watchos;
				SKIP_INSTALL = YES;
				SWIFT_EMIT_LOC_STRINGS = YES;
				SWIFT_VERSION = 5.0;
				TARGETED_DEVICE_FAMILY = 4;
				VALIDATE_PRODUCT = YES;
				WATCHOS_DEPLOYMENT_TARGET = 10.6;
			};
			name = Release;
		};
		387C02D72DEF79340095FC83 /* Debug */ = {
			isa = XCBuildConfiguration;
			buildSettings = {
				ASSETCATALOG_COMPILER_APPICON_NAME = AppIcon;
				ASSETCATALOG_COMPILER_GLOBAL_ACCENT_COLOR_NAME = AccentColor;
				CODE_SIGN_ENTITLEMENTS = masmenos/masmenos.entitlements;
				CODE_SIGN_STYLE = Automatic;
				CURRENT_PROJECT_VERSION = 1;
				DEVELOPMENT_TEAM = 6ZB294KJL3;
				ENABLE_PREVIEWS = YES;
				GENERATE_INFOPLIST_FILE = YES;
				INFOPLIST_KEY_CFBundleDisplayName = "Time Words";
				INFOPLIST_KEY_LSApplicationCategoryType = "public.app-category.utilities";
				INFOPLIST_KEY_UIApplicationSceneManifest_Generation = YES;
				INFOPLIST_KEY_UIApplicationSupportsIndirectInputEvents = YES;
				INFOPLIST_KEY_UILaunchScreen_Generation = YES;
				INFOPLIST_KEY_UISupportedInterfaceOrientations_iPad = "UIInterfaceOrientationPortrait UIInterfaceOrientationPortraitUpsideDown UIInterfaceOrientationLandscapeLeft UIInterfaceOrientationLandscapeRight";
				INFOPLIST_KEY_UISupportedInterfaceOrientations_iPhone = "UIInterfaceOrientationPortrait UIInterfaceOrientationLandscapeLeft UIInterfaceOrientationLandscapeRight";
				IPHONEOS_DEPLOYMENT_TARGET = 18.0;
				LD_RUNPATH_SEARCH_PATHS = (
					"$(inherited)",
					"@executable_path/Frameworks",
				);
				MARKETING_VERSION = 1.0;
				PRODUCT_BUNDLE_IDENTIFIER = es.rikgarage.masmenos;
				PRODUCT_NAME = "$(TARGET_NAME)";
				SDKROOT = iphoneos;
				SWIFT_EMIT_LOC_STRINGS = YES;
				SWIFT_VERSION = 5.0;
				TARGETED_DEVICE_FAMILY = "1,2";
				WATCHOS_DEPLOYMENT_TARGET = 10.6;
			};
			name = Debug;
		};
		387C02D82DEF79340095FC83 /* Release */ = {
			isa = XCBuildConfiguration;
			buildSettings = {
				ASSETCATALOG_COMPILER_APPICON_NAME = AppIcon;
				ASSETCATALOG_COMPILER_GLOBAL_ACCENT_COLOR_NAME = AccentColor;
				CODE_SIGN_ENTITLEMENTS = masmenos/masmenos.entitlements;
				CODE_SIGN_STYLE = Automatic;
				CURRENT_PROJECT_VERSION = 1;
				DEVELOPMENT_TEAM = 6ZB294KJL3;
				ENABLE_PREVIEWS = YES;
				GENERATE_INFOPLIST_FILE = YES;
				INFOPLIST_KEY_CFBundleDisplayName = "Time Words";
				INFOPLIST_KEY_LSApplicationCategoryType = "public.app-category.utilities";
				INFOPLIST_KEY_UIApplicationSceneManifest_Generation = YES;
				INFOPLIST_KEY_UIApplicationSupportsIndirectInputEvents = YES;
				INFOPLIST_KEY_UILaunchScreen_Generation = YES;
				INFOPLIST_KEY_UISupportedInterfaceOrientations_iPad = "UIInterfaceOrientationPortrait UIInterfaceOrientationPortraitUpsideDown UIInterfaceOrientationLandscapeLeft UIInterfaceOrientationLandscapeRight";
				INFOPLIST_KEY_UISupportedInterfaceOrientations_iPhone = "UIInterfaceOrientationPortrait UIInterfaceOrientationLandscapeLeft UIInterfaceOrientationLandscapeRight";
				IPHONEOS_DEPLOYMENT_TARGET = 18.0;
				LD_RUNPATH_SEARCH_PATHS = (
					"$(inherited)",
					"@executable_path/Frameworks",
				);
				MARKETING_VERSION = 1.0;
				PRODUCT_BUNDLE_IDENTIFIER = es.rikgarage.masmenos;
				PRODUCT_NAME = "$(TARGET_NAME)";
				SDKROOT = iphoneos;
				SWIFT_EMIT_LOC_STRINGS = YES;
				SWIFT_VERSION = 5.0;
				TARGETED_DEVICE_FAMILY = "1,2";
				VALIDATE_PRODUCT = YES;
				WATCHOS_DEPLOYMENT_TARGET = 10.6;
			};
			name = Release;
		};
		387C02DA2DEF79340095FC83 /* Debug */ = {
			isa = XCBuildConfiguration;
			buildSettings = {
				BUNDLE_LOADER = "$(TEST_HOST)";
				CODE_SIGN_STYLE = Automatic;
				CURRENT_PROJECT_VERSION = 1;
				DEVELOPMENT_TEAM = 6ZB294KJL3;
				GENERATE_INFOPLIST_FILE = YES;
				IPHONEOS_DEPLOYMENT_TARGET = 18.0;
				MARKETING_VERSION = 1.0;
				PRODUCT_BUNDLE_IDENTIFIER = es.rikgarage.masmenosTests;
				PRODUCT_NAME = "$(TARGET_NAME)";
				SDKROOT = iphoneos;
				SWIFT_EMIT_LOC_STRINGS = NO;
				SWIFT_VERSION = 5.0;
				TARGETED_DEVICE_FAMILY = "1,2";
				TEST_HOST = "$(BUILT_PRODUCTS_DIR)/masmenos.app/$(BUNDLE_EXECUTABLE_FOLDER_PATH)/masmenos";
				WATCHOS_DEPLOYMENT_TARGET = 10.6;
			};
			name = Debug;
		};
		387C02DB2DEF79340095FC83 /* Release */ = {
			isa = XCBuildConfiguration;
			buildSettings = {
				BUNDLE_LOADER = "$(TEST_HOST)";
				CODE_SIGN_STYLE = Automatic;
				CURRENT_PROJECT_VERSION = 1;
				DEVELOPMENT_TEAM = 6ZB294KJL3;
				GENERATE_INFOPLIST_FILE = YES;
				IPHONEOS_DEPLOYMENT_TARGET = 18.0;
				MARKETING_VERSION = 1.0;
				PRODUCT_BUNDLE_IDENTIFIER = es.rikgarage.masmenosTests;
				PRODUCT_NAME = "$(TARGET_NAME)";
				SDKROOT = iphoneos;
				SWIFT_EMIT_LOC_STRINGS = NO;
				SWIFT_VERSION = 5.0;
				TARGETED_DEVICE_FAMILY = "1,2";
				TEST_HOST = "$(BUILT_PRODUCTS_DIR)/masmenos.app/$(BUNDLE_EXECUTABLE_FOLDER_PATH)/masmenos";
				VALIDATE_PRODUCT = YES;
				WATCHOS_DEPLOYMENT_TARGET = 10.6;
			};
			name = Release;
		};
		387C02DD2DEF79340095FC83 /* Debug */ = {
			isa = XCBuildConfiguration;
			buildSettings = {
				CODE_SIGN_STYLE = Automatic;
				CURRENT_PROJECT_VERSION = 1;
				DEVELOPMENT_TEAM = 6ZB294KJL3;
				GENERATE_INFOPLIST_FILE = YES;
				IPHONEOS_DEPLOYMENT_TARGET = 18.0;
				MARKETING_VERSION = 1.0;
				PRODUCT_BUNDLE_IDENTIFIER = es.rikgarage.masmenosUITests;
				PRODUCT_NAME = "$(TARGET_NAME)";
				SDKROOT = iphoneos;
				SWIFT_EMIT_LOC_STRINGS = NO;
				SWIFT_VERSION = 5.0;
				TARGETED_DEVICE_FAMILY = "1,2";
				TEST_TARGET_NAME = masmenos;
				WATCHOS_DEPLOYMENT_TARGET = 10.6;
			};
			name = Debug;
		};
		387C02DE2DEF79340095FC83 /* Release */ = {
			isa = XCBuildConfiguration;
			buildSettings = {
				CODE_SIGN_STYLE = Automatic;
				CURRENT_PROJECT_VERSION = 1;
				DEVELOPMENT_TEAM = 6ZB294KJL3;
				GENERATE_INFOPLIST_FILE = YES;
				IPHONEOS_DEPLOYMENT_TARGET = 18.0;
				MARKETING_VERSION = 1.0;
				PRODUCT_BUNDLE_IDENTIFIER = es.rikgarage.masmenosUITests;
				PRODUCT_NAME = "$(TARGET_NAME)";
				SDKROOT = iphoneos;
				SWIFT_EMIT_LOC_STRINGS = NO;
				SWIFT_VERSION = 5.0;
				TARGETED_DEVICE_FAMILY = "1,2";
				TEST_TARGET_NAME = masmenos;
				VALIDATE_PRODUCT = YES;
				WATCHOS_DEPLOYMENT_TARGET = 10.6;
			};
			name = Release;
		};
		387C02E02DEF79340095FC83 /* Debug */ = {
			isa = XCBuildConfiguration;
			buildSettings = {
				BUNDLE_LOADER = "$(TEST_HOST)";
				CODE_SIGN_STYLE = Automatic;
				CURRENT_PROJECT_VERSION = 1;
				DEVELOPMENT_TEAM = 6ZB294KJL3;
				GENERATE_INFOPLIST_FILE = YES;
				IPHONEOS_DEPLOYMENT_TARGET = 18.0;
				MARKETING_VERSION = 1.0;
				PRODUCT_BUNDLE_IDENTIFIER = "es.rikgarage.masmenos-Watch-AppTests";
				PRODUCT_NAME = "$(TARGET_NAME)";
				SDKROOT = watchos;
				SWIFT_EMIT_LOC_STRINGS = NO;
				SWIFT_VERSION = 5.0;
				TARGETED_DEVICE_FAMILY = 4;
				TEST_HOST = "$(BUILT_PRODUCTS_DIR)/masmenos Watch App.app/$(BUNDLE_EXECUTABLE_FOLDER_PATH)/masmenos Watch App";
				WATCHOS_DEPLOYMENT_TARGET = 10.6;
			};
			name = Debug;
		};
		387C02E12DEF79340095FC83 /* Release */ = {
			isa = XCBuildConfiguration;
			buildSettings = {
				BUNDLE_LOADER = "$(TEST_HOST)";
				CODE_SIGN_STYLE = Automatic;
				CURRENT_PROJECT_VERSION = 1;
				DEVELOPMENT_TEAM = 6ZB294KJL3;
				GENERATE_INFOPLIST_FILE = YES;
				IPHONEOS_DEPLOYMENT_TARGET = 18.0;
				MARKETING_VERSION = 1.0;
				PRODUCT_BUNDLE_IDENTIFIER = "es.rikgarage.masmenos-Watch-AppTests";
				PRODUCT_NAME = "$(TARGET_NAME)";
				SDKROOT = watchos;
				SWIFT_EMIT_LOC_STRINGS = NO;
				SWIFT_VERSION = 5.0;
				TARGETED_DEVICE_FAMILY = 4;
				TEST_HOST = "$(BUILT_PRODUCTS_DIR)/masmenos Watch App.app/$(BUNDLE_EXECUTABLE_FOLDER_PATH)/masmenos Watch App";
				VALIDATE_PRODUCT = YES;
				WATCHOS_DEPLOYMENT_TARGET = 10.6;
			};
			name = Release;
		};
		387C02E32DEF79340095FC83 /* Debug */ = {
			isa = XCBuildConfiguration;
			buildSettings = {
				CODE_SIGN_STYLE = Automatic;
				CURRENT_PROJECT_VERSION = 1;
				DEVELOPMENT_TEAM = 6ZB294KJL3;
				GENERATE_INFOPLIST_FILE = YES;
				IPHONEOS_DEPLOYMENT_TARGET = 18.0;
				MARKETING_VERSION = 1.0;
				PRODUCT_BUNDLE_IDENTIFIER = "es.rikgarage.masmenos-Watch-AppUITests";
				PRODUCT_NAME = "$(TARGET_NAME)";
				SDKROOT = watchos;
				SWIFT_EMIT_LOC_STRINGS = NO;
				SWIFT_VERSION = 5.0;
				TARGETED_DEVICE_FAMILY = 4;
				TEST_TARGET_NAME = "masmenos Watch App";
				WATCHOS_DEPLOYMENT_TARGET = 10.6;
			};
			name = Debug;
		};
		387C02E42DEF79340095FC83 /* Release */ = {
			isa = XCBuildConfiguration;
			buildSettings = {
				CODE_SIGN_STYLE = Automatic;
				CURRENT_PROJECT_VERSION = 1;
				DEVELOPMENT_TEAM = 6ZB294KJL3;
				GENERATE_INFOPLIST_FILE = YES;
				IPHONEOS_DEPLOYMENT_TARGET = 18.0;
				MARKETING_VERSION = 1.0;
				PRODUCT_BUNDLE_IDENTIFIER = "es.rikgarage.masmenos-Watch-AppUITests";
				PRODUCT_NAME = "$(TARGET_NAME)";
				SDKROOT = watchos;
				SWIFT_EMIT_LOC_STRINGS = NO;
				SWIFT_VERSION = 5.0;
				TARGETED_DEVICE_FAMILY = 4;
				TEST_TARGET_NAME = "masmenos Watch App";
				VALIDATE_PRODUCT = YES;
				WATCHOS_DEPLOYMENT_TARGET = 10.6;
			};
			name = Release;
		};
		387C02FC2DEF79D20095FC83 /* Debug */ = {
			isa = XCBuildConfiguration;
			buildSettings = {
				ASSETCATALOG_COMPILER_GLOBAL_ACCENT_COLOR_NAME = AccentColor;
				ASSETCATALOG_COMPILER_WIDGET_BACKGROUND_COLOR_NAME = WidgetBackground;
				CODE_SIGN_ENTITLEMENTS = masomenosExtension.entitlements;
				CODE_SIGN_STYLE = Automatic;
				CURRENT_PROJECT_VERSION = 1;
				DEVELOPMENT_TEAM = 6ZB294KJL3;
				GENERATE_INFOPLIST_FILE = YES;
				INFOPLIST_FILE = masomenos/Info.plist;
				INFOPLIST_KEY_CFBundleDisplayName = "Time Words";
				INFOPLIST_KEY_NSHumanReadableCopyright = "";
				IPHONEOS_DEPLOYMENT_TARGET = 18.0;
				LD_RUNPATH_SEARCH_PATHS = (
					"$(inherited)",
					"@executable_path/Frameworks",
					"@executable_path/../../Frameworks",
					"@executable_path/../../../../Frameworks",
				);
				MARKETING_VERSION = 1.0;
				PRODUCT_BUNDLE_IDENTIFIER = es.rikgarage.masmenos.watchkitapp.masomenos;
				PRODUCT_NAME = "$(TARGET_NAME)";
				SDKROOT = watchos;
				SKIP_INSTALL = YES;
				SWIFT_EMIT_LOC_STRINGS = YES;
				SWIFT_VERSION = 5.0;
				TARGETED_DEVICE_FAMILY = 4;
				WATCHOS_DEPLOYMENT_TARGET = 10.6;
			};
			name = Debug;
		};
		387C02FD2DEF79D20095FC83 /* Release */ = {
			isa = XCBuildConfiguration;
			buildSettings = {
				ASSETCATALOG_COMPILER_GLOBAL_ACCENT_COLOR_NAME = AccentColor;
				ASSETCATALOG_COMPILER_WIDGET_BACKGROUND_COLOR_NAME = WidgetBackground;
				CODE_SIGN_ENTITLEMENTS = masomenosExtension.entitlements;
				CODE_SIGN_STYLE = Automatic;
				CURRENT_PROJECT_VERSION = 1;
				DEVELOPMENT_TEAM = 6ZB294KJL3;
				GENERATE_INFOPLIST_FILE = YES;
				INFOPLIST_FILE = masomenos/Info.plist;
				INFOPLIST_KEY_CFBundleDisplayName = "Time Words";
				INFOPLIST_KEY_NSHumanReadableCopyright = "";
				IPHONEOS_DEPLOYMENT_TARGET = 18.0;
				LD_RUNPATH_SEARCH_PATHS = (
					"$(inherited)",
					"@executable_path/Frameworks",
					"@executable_path/../../Frameworks",
					"@executable_path/../../../../Frameworks",
				);
				MARKETING_VERSION = 1.0;
				PRODUCT_BUNDLE_IDENTIFIER = es.rikgarage.masmenos.watchkitapp.masomenos;
				PRODUCT_NAME = "$(TARGET_NAME)";
				SDKROOT = watchos;
				SKIP_INSTALL = YES;
				SWIFT_EMIT_LOC_STRINGS = YES;
				SWIFT_VERSION = 5.0;
				TARGETED_DEVICE_FAMILY = 4;
				VALIDATE_PRODUCT = YES;
				WATCHOS_DEPLOYMENT_TARGET = 10.6;
			};
			name = Release;
		};
/* End XCBuildConfiguration section */

/* Begin XCConfigurationList section */
		38062D232E0093AC000291E1 /* Build configuration list for PBXNativeTarget "TimeWordsWidgetExtension" */ = {
			isa = XCConfigurationList;
			buildConfigurations = (
				38062D242E0093AC000291E1 /* Debug */,
				38062D252E0093AC000291E1 /* Release */,
			);
			defaultConfigurationIsVisible = 0;
			defaultConfigurationName = Release;
		};
		387C02872DEF792F0095FC83 /* Build configuration list for PBXProject "masmenos" */ = {
			isa = XCConfigurationList;
			buildConfigurations = (
				387C02D02DEF79340095FC83 /* Debug */,
				387C02D12DEF79340095FC83 /* Release */,
			);
			defaultConfigurationIsVisible = 0;
			defaultConfigurationName = Release;
		};
		387C02D22DEF79340095FC83 /* Build configuration list for PBXNativeTarget "masmenos Watch App" */ = {
			isa = XCConfigurationList;
			buildConfigurations = (
				387C02D32DEF79340095FC83 /* Debug */,
				387C02D42DEF79340095FC83 /* Release */,
			);
			defaultConfigurationIsVisible = 0;
			defaultConfigurationName = Release;
		};
		387C02D62DEF79340095FC83 /* Build configuration list for PBXNativeTarget "masmenos" */ = {
			isa = XCConfigurationList;
			buildConfigurations = (
				387C02D72DEF79340095FC83 /* Debug */,
				387C02D82DEF79340095FC83 /* Release */,
			);
			defaultConfigurationIsVisible = 0;
			defaultConfigurationName = Release;
		};
		387C02D92DEF79340095FC83 /* Build configuration list for PBXNativeTarget "masmenosTests" */ = {
			isa = XCConfigurationList;
			buildConfigurations = (
				387C02DA2DEF79340095FC83 /* Debug */,
				387C02DB2DEF79340095FC83 /* Release */,
			);
			defaultConfigurationIsVisible = 0;
			defaultConfigurationName = Release;
		};
		387C02DC2DEF79340095FC83 /* Build configuration list for PBXNativeTarget "masmenosUITests" */ = {
			isa = XCConfigurationList;
			buildConfigurations = (
				387C02DD2DEF79340095FC83 /* Debug */,
				387C02DE2DEF79340095FC83 /* Release */,
			);
			defaultConfigurationIsVisible = 0;
			defaultConfigurationName = Release;
		};
		387C02DF2DEF79340095FC83 /* Build configuration list for PBXNativeTarget "masmenos Watch AppTests" */ = {
			isa = XCConfigurationList;
			buildConfigurations = (
				387C02E02DEF79340095FC83 /* Debug */,
				387C02E12DEF79340095FC83 /* Release */,
			);
			defaultConfigurationIsVisible = 0;
			defaultConfigurationName = Release;
		};
		387C02E22DEF79340095FC83 /* Build configuration list for PBXNativeTarget "masmenos Watch AppUITests" */ = {
			isa = XCConfigurationList;
			buildConfigurations = (
				387C02E32DEF79340095FC83 /* Debug */,
				387C02E42DEF79340095FC83 /* Release */,
			);
			defaultConfigurationIsVisible = 0;
			defaultConfigurationName = Release;
		};
		387C02FB2DEF79D20095FC83 /* Build configuration list for PBXNativeTarget "masomenosExtension" */ = {
			isa = XCConfigurationList;
			buildConfigurations = (
				387C02FC2DEF79D20095FC83 /* Debug */,
				387C02FD2DEF79D20095FC83 /* Release */,
			);
			defaultConfigurationIsVisible = 0;
			defaultConfigurationName = Release;
		};
/* End XCConfigurationList section */
	};
	rootObject = 387C02842DEF792F0095FC83 /* Project object */;
}
